// !$*UTF8*$!
{
	archiveVersion = 1;
	classes = {
	};
	objectVersion = 46;
	objects = {

/* Begin PBXBuildFile section */
		1B1856AEBCDD48D24214E958 /* Pods_XMXMLYFM.framework in Frameworks */ = {isa = PBXBuildFile; fileRef = 9FEC34403B466402AB6795A3 /* Pods_XMXMLYFM.framework */; };
		6D2077E01EF367240008C1D9 /* DetailsViewController.swift in Sources */ = {isa = PBXBuildFile; fileRef = 6D2077DF1EF367240008C1D9 /* DetailsViewController.swift */; };
		6D56A0A41E139FBE001CF395 /* SubscribeViewController.swift in Sources */ = {isa = PBXBuildFile; fileRef = 6D56A0A21E139FBE001CF395 /* SubscribeViewController.swift */; };
		6D56A0A61E13A00C001CF395 /* SubscribeAPI.swift in Sources */ = {isa = PBXBuildFile; fileRef = 6D56A0A51E13A00C001CF395 /* SubscribeAPI.swift */; };
		6D56A0E01E13A17D001CF395 /* AnchorRecommend.swift in Sources */ = {isa = PBXBuildFile; fileRef = 6D56A0AA1E13A17D001CF395 /* AnchorRecommend.swift */; };
		6D56A0E11E13A17D001CF395 /* AnchorViewController.swift in Sources */ = {isa = PBXBuildFile; fileRef = 6D56A0AC1E13A17D001CF395 /* AnchorViewController.swift */; };
		6D56A0E21E13A17D001CF395 /* AnchorHeaderView.swift in Sources */ = {isa = PBXBuildFile; fileRef = 6D56A0AE1E13A17D001CF395 /* AnchorHeaderView.swift */; };
		6D56A0E31E13A17D001CF395 /* AnchorItem.swift in Sources */ = {isa = PBXBuildFile; fileRef = 6D56A0AF1E13A17D001CF395 /* AnchorItem.swift */; };
		6D56A0E41E13A17D001CF395 /* BroadcastViewController.swift in Sources */ = {isa = PBXBuildFile; fileRef = 6D56A0B31E13A17D001CF395 /* BroadcastViewController.swift */; };
		6D56A0E51E13A17D001CF395 /* Categories.swift in Sources */ = {isa = PBXBuildFile; fileRef = 6D56A0B71E13A17D001CF395 /* Categories.swift */; };
		6D56A0E61E13A17D001CF395 /* ClassifyViewController.swift in Sources */ = {isa = PBXBuildFile; fileRef = 6D56A0B91E13A17D001CF395 /* ClassifyViewController.swift */; };
		6D56A0E81E13A17D001CF395 /* HotAndGuess.swift in Sources */ = {isa = PBXBuildFile; fileRef = 6D56A0BE1E13A17D001CF395 /* HotAndGuess.swift */; };
		6D56A0E91E13A17D001CF395 /* Recommends.swift in Sources */ = {isa = PBXBuildFile; fileRef = 6D56A0BF1E13A17D001CF395 /* Recommends.swift */; };
		6D56A0EA1E13A17D001CF395 /* FavouriteViewController.swift in Sources */ = {isa = PBXBuildFile; fileRef = 6D56A0C11E13A17D001CF395 /* FavouriteViewController.swift */; };
		6D56A0EB1E13A17D001CF395 /* RecommendCell.swift in Sources */ = {isa = PBXBuildFile; fileRef = 6D56A0C31E13A17D001CF395 /* RecommendCell.swift */; };
		6D56A0EC1E13A17D001CF395 /* RecommendHeaderDiscovery.swift in Sources */ = {isa = PBXBuildFile; fileRef = 6D56A0C41E13A17D001CF395 /* RecommendHeaderDiscovery.swift */; };
		6D56A0ED1E13A17D001CF395 /* RecommendHeaderView.swift in Sources */ = {isa = PBXBuildFile; fileRef = 6D56A0C51E13A17D001CF395 /* RecommendHeaderView.swift */; };
		6D56A0EE1E13A17D001CF395 /* RecommendShowView.swift in Sources */ = {isa = PBXBuildFile; fileRef = 6D56A0C61E13A17D001CF395 /* RecommendShowView.swift */; };
		6D56A0EF1E13A17D001CF395 /* RecommentItem.swift in Sources */ = {isa = PBXBuildFile; fileRef = 6D56A0C71E13A17D001CF395 /* RecommentItem.swift */; };
		6D56A0F01E13A17D001CF395 /* RecommentSectionView.swift in Sources */ = {isa = PBXBuildFile; fileRef = 6D56A0C81E13A17D001CF395 /* RecommentSectionView.swift */; };
		6D56A0F11E13A17D001CF395 /* RankListModel.swift in Sources */ = {isa = PBXBuildFile; fileRef = 6D56A0CB1E13A17D001CF395 /* RankListModel.swift */; };
		6D56A0F21E13A17D001CF395 /* ListViewController.swift in Sources */ = {isa = PBXBuildFile; fileRef = 6D56A0CD1E13A17D001CF395 /* ListViewController.swift */; };
		6D56A0F31E13A17D001CF395 /* ListHeaderView.swift in Sources */ = {isa = PBXBuildFile; fileRef = 6D56A0CF1E13A17D001CF395 /* ListHeaderView.swift */; };
		6D56A0F41E13A17D001CF395 /* ListSectionView.swift in Sources */ = {isa = PBXBuildFile; fileRef = 6D56A0D01E13A17D001CF395 /* ListSectionView.swift */; };
		6D56A0F51E13A17D001CF395 /* XMListCell.swift in Sources */ = {isa = PBXBuildFile; fileRef = 6D56A0D11E13A17D001CF395 /* XMListCell.swift */; };
		6D56A0F61E13A17D001CF395 /* HomePageTabList.swift in Sources */ = {isa = PBXBuildFile; fileRef = 6D56A0D31E13A17D001CF395 /* HomePageTabList.swift */; };
		6D56A0F81E13A17D001CF395 /* RecommendViewController.swift in Sources */ = {isa = PBXBuildFile; fileRef = 6D56A0D81E13A17D001CF395 /* RecommendViewController.swift */; };
		6D56A0F91E13A17D001CF395 /* XMFindItemCell.swift in Sources */ = {isa = PBXBuildFile; fileRef = 6D56A0DD1E13A17D001CF395 /* XMFindItemCell.swift */; };
		6D56A0FA1E13A17D001CF395 /* XMFindToolBar.swift in Sources */ = {isa = PBXBuildFile; fileRef = 6D56A0DE1E13A17D001CF395 /* XMFindToolBar.swift */; };
		6D56A0FB1E13A17D001CF395 /* XMFindToolBarCell.swift in Sources */ = {isa = PBXBuildFile; fileRef = 6D56A0DF1E13A17D001CF395 /* XMFindToolBarCell.swift */; };
		6D56A0FD1E13A195001CF395 /* HomePageViewController.swift in Sources */ = {isa = PBXBuildFile; fileRef = 6D56A0FC1E13A195001CF395 /* HomePageViewController.swift */; };
		6D56A1011E13B4DC001CF395 /* HomePageApi.swift in Sources */ = {isa = PBXBuildFile; fileRef = 6D56A1001E13B4DC001CF395 /* HomePageApi.swift */; };
		6D56A1031E13B577001CF395 /* XMFindApi.swift in Sources */ = {isa = PBXBuildFile; fileRef = 6D56A1021E13B577001CF395 /* XMFindApi.swift */; };
		6D56A1051E13BA19001CF395 /* FindCell.swift in Sources */ = {isa = PBXBuildFile; fileRef = 6D56A1041E13BA19001CF395 /* FindCell.swift */; };
		6D56A1071E13BB9D001CF395 /* FindModel.swift in Sources */ = {isa = PBXBuildFile; fileRef = 6D56A1061E13BB9D001CF395 /* FindModel.swift */; };
		6D56A1091E13CC9E001CF395 /* UIButton+Extension.swift in Sources */ = {isa = PBXBuildFile; fileRef = 6D56A1081E13CC9E001CF395 /* UIButton+Extension.swift */; };
		6D5D680E1E14A003000D497B /* MineViewController.swift in Sources */ = {isa = PBXBuildFile; fileRef = 6D5D680C1E14A003000D497B /* MineViewController.swift */; };
		6D5D68101E14A11C000D497B /* MineCell.swift in Sources */ = {isa = PBXBuildFile; fileRef = 6D5D680F1E14A11C000D497B /* MineCell.swift */; };
		6D5D68121E14ACB4000D497B /* UINavigationBar+Extension.swift in Sources */ = {isa = PBXBuildFile; fileRef = 6D5D68111E14ACB4000D497B /* UINavigationBar+Extension.swift */; };
		6D5D68141E14AF56000D497B /* UIImage+Extension.swift in Sources */ = {isa = PBXBuildFile; fileRef = 6D5D68131E14AF56000D497B /* UIImage+Extension.swift */; };
		6D5D68161E14FECB000D497B /* MineHeaderView.swift in Sources */ = {isa = PBXBuildFile; fileRef = 6D5D68151E14FECB000D497B /* MineHeaderView.swift */; };
		6D5F28771E160A6200A18E89 /* UIButton+Extension.m in Sources */ = {isa = PBXBuildFile; fileRef = 6D5F28761E160A6200A18E89 /* UIButton+Extension.m */; };
		6D5F287D1E16305900A18E89 /* LoginViewController.swift in Sources */ = {isa = PBXBuildFile; fileRef = 6D5F287C1E16305900A18E89 /* LoginViewController.swift */; };
		6D5F287F1E1647BD00A18E89 /* LogonViewController.swift in Sources */ = {isa = PBXBuildFile; fileRef = 6D5F287E1E1647BD00A18E89 /* LogonViewController.swift */; };
		6D7F37871E0392F200FD4CCE /* XMCycleScrollView.swift in Sources */ = {isa = PBXBuildFile; fileRef = 6D7F37861E0392F200FD4CCE /* XMCycleScrollView.swift */; };
		6D7F37891E0395DE00FD4CCE /* XMCycleItem.swift in Sources */ = {isa = PBXBuildFile; fileRef = 6D7F37881E0395DE00FD4CCE /* XMCycleItem.swift */; };
		6D9AD4F31E07845A00C9D824 /* UIImageView+Extension.swift in Sources */ = {isa = PBXBuildFile; fileRef = 6D9AD4F21E07845A00C9D824 /* UIImageView+Extension.swift */; };
		6DA8C8A81F188C2B008738B3 /* XMPageView.swift in Sources */ = {isa = PBXBuildFile; fileRef = 6DA8C8A71F188C2B008738B3 /* XMPageView.swift */; };
		6DBE1BFC1F1719B000C5F057 /* ClassifyItem.swift in Sources */ = {isa = PBXBuildFile; fileRef = 6DBE1BFB1F1719B000C5F057 /* ClassifyItem.swift */; };
		6DBE1BFE1F173FAC00C5F057 /* ClassifyDetailViewController.swift in Sources */ = {isa = PBXBuildFile; fileRef = 6DBE1BFD1F173FAC00C5F057 /* ClassifyDetailViewController.swift */; };
		6DBE1C011F17402E00C5F057 /* ClassifyTool.swift in Sources */ = {isa = PBXBuildFile; fileRef = 6DBE1C001F17402E00C5F057 /* ClassifyTool.swift */; };
		6DBFF4711DF7A782006E63CE /* Main.storyboard in Resources */ = {isa = PBXBuildFile; fileRef = 6DBFF46F1DF7A782006E63CE /* Main.storyboard */; };
		6DBFF4731DF7A782006E63CE /* Assets.xcassets in Resources */ = {isa = PBXBuildFile; fileRef = 6DBFF4721DF7A782006E63CE /* Assets.xcassets */; };
		6DBFF4761DF7A782006E63CE /* LaunchScreen.storyboard in Resources */ = {isa = PBXBuildFile; fileRef = 6DBFF4741DF7A782006E63CE /* LaunchScreen.storyboard */; };
		6DBFF4811DF7A782006E63CE /* XMXMLYFMTests.swift in Sources */ = {isa = PBXBuildFile; fileRef = 6DBFF4801DF7A782006E63CE /* XMXMLYFMTests.swift */; };
		6DBFF48C1DF7A782006E63CE /* XMXMLYFMUITests.swift in Sources */ = {isa = PBXBuildFile; fileRef = 6DBFF48B1DF7A782006E63CE /* XMXMLYFMUITests.swift */; };
		6DBFF4A31DF7A916006E63CE /* AppDelegate.swift in Sources */ = {isa = PBXBuildFile; fileRef = 6DBFF49D1DF7A916006E63CE /* AppDelegate.swift */; };
		6DBFF4A41DF7A916006E63CE /* ViewController.swift in Sources */ = {isa = PBXBuildFile; fileRef = 6DBFF49F1DF7A916006E63CE /* ViewController.swift */; };
		6DBFF4A81DF7B281006E63CE /* XMTabBarController.swift in Sources */ = {isa = PBXBuildFile; fileRef = 6DBFF4A71DF7B281006E63CE /* XMTabBarController.swift */; };
		6DBFF4AB1DF7B405006E63CE /* Common.swift in Sources */ = {isa = PBXBuildFile; fileRef = 6DBFF4AA1DF7B405006E63CE /* Common.swift */; };
		6DBFF4AF1DF7E813006E63CE /* XMPlayViewController.swift in Sources */ = {isa = PBXBuildFile; fileRef = 6DBFF4AE1DF7E813006E63CE /* XMPlayViewController.swift */; };
		6DBFF4B21DF7E87F006E63CE /* XMBaseNavigationController.swift in Sources */ = {isa = PBXBuildFile; fileRef = 6DBFF4B11DF7E87F006E63CE /* XMBaseNavigationController.swift */; };
		6DBFF4B91DF7EAAF006E63CE /* UIView+Extension.swift in Sources */ = {isa = PBXBuildFile; fileRef = 6DBFF4B81DF7EAAF006E63CE /* UIView+Extension.swift */; };
		6DBFF4C51DF7F13D006E63CE /* DownloadViewController.swift in Sources */ = {isa = PBXBuildFile; fileRef = 6DBFF4C41DF7F13D006E63CE /* DownloadViewController.swift */; };
		6DBFF4C91DF7F53B006E63CE /* XMBaseViewController.swift in Sources */ = {isa = PBXBuildFile; fileRef = 6DBFF4C81DF7F53B006E63CE /* XMBaseViewController.swift */; };
		6DBFF4CE1DF7F68E006E63CE /* FindViewController.swift in Sources */ = {isa = PBXBuildFile; fileRef = 6DBFF4CC1DF7F68E006E63CE /* FindViewController.swift */; };
		6DC6226D1E01393C00B1519B /* XMResponseModel.swift in Sources */ = {isa = PBXBuildFile; fileRef = 6DC6226C1E01393C00B1519B /* XMResponseModel.swift */; };
		6DF76BB61E01162200A7DCA7 /* XMNetwrorkTool.swift in Sources */ = {isa = PBXBuildFile; fileRef = 6DF76BB51E01162200A7DCA7 /* XMNetwrorkTool.swift */; };
/* End PBXBuildFile section */

/* Begin PBXContainerItemProxy section */
		6DBFF47D1DF7A782006E63CE /* PBXContainerItemProxy */ = {
			isa = PBXContainerItemProxy;
			containerPortal = 6DBFF4601DF7A782006E63CE /* Project object */;
			proxyType = 1;
			remoteGlobalIDString = 6DBFF4671DF7A782006E63CE;
			remoteInfo = XMXMLYFM;
		};
		6DBFF4881DF7A782006E63CE /* PBXContainerItemProxy */ = {
			isa = PBXContainerItemProxy;
			containerPortal = 6DBFF4601DF7A782006E63CE /* Project object */;
			proxyType = 1;
			remoteGlobalIDString = 6DBFF4671DF7A782006E63CE;
			remoteInfo = XMXMLYFM;
		};
/* End PBXContainerItemProxy section */

/* Begin PBXFileReference section */
		6D2077DF1EF367240008C1D9 /* DetailsViewController.swift */ = {isa = PBXFileReference; fileEncoding = 4; lastKnownFileType = sourcecode.swift; path = DetailsViewController.swift; sourceTree = "<group>"; };
		6D56A0A21E139FBE001CF395 /* SubscribeViewController.swift */ = {isa = PBXFileReference; fileEncoding = 4; lastKnownFileType = sourcecode.swift; path = SubscribeViewController.swift; sourceTree = "<group>"; };
		6D56A0A51E13A00C001CF395 /* SubscribeAPI.swift */ = {isa = PBXFileReference; fileEncoding = 4; lastKnownFileType = sourcecode.swift; path = SubscribeAPI.swift; sourceTree = "<group>"; };
		6D56A0AA1E13A17D001CF395 /* AnchorRecommend.swift */ = {isa = PBXFileReference; fileEncoding = 4; lastKnownFileType = sourcecode.swift; path = AnchorRecommend.swift; sourceTree = "<group>"; };
		6D56A0AC1E13A17D001CF395 /* AnchorViewController.swift */ = {isa = PBXFileReference; fileEncoding = 4; lastKnownFileType = sourcecode.swift; path = AnchorViewController.swift; sourceTree = "<group>"; };
		6D56A0AE1E13A17D001CF395 /* AnchorHeaderView.swift */ = {isa = PBXFileReference; fileEncoding = 4; lastKnownFileType = sourcecode.swift; path = AnchorHeaderView.swift; sourceTree = "<group>"; };
		6D56A0AF1E13A17D001CF395 /* AnchorItem.swift */ = {isa = PBXFileReference; fileEncoding = 4; lastKnownFileType = sourcecode.swift; path = AnchorItem.swift; sourceTree = "<group>"; };
		6D56A0B31E13A17D001CF395 /* BroadcastViewController.swift */ = {isa = PBXFileReference; fileEncoding = 4; lastKnownFileType = sourcecode.swift; path = BroadcastViewController.swift; sourceTree = "<group>"; };
		6D56A0B71E13A17D001CF395 /* Categories.swift */ = {isa = PBXFileReference; fileEncoding = 4; lastKnownFileType = sourcecode.swift; path = Categories.swift; sourceTree = "<group>"; };
		6D56A0B91E13A17D001CF395 /* ClassifyViewController.swift */ = {isa = PBXFileReference; fileEncoding = 4; lastKnownFileType = sourcecode.swift; path = ClassifyViewController.swift; sourceTree = "<group>"; };
		6D56A0BE1E13A17D001CF395 /* HotAndGuess.swift */ = {isa = PBXFileReference; fileEncoding = 4; lastKnownFileType = sourcecode.swift; path = HotAndGuess.swift; sourceTree = "<group>"; };
		6D56A0BF1E13A17D001CF395 /* Recommends.swift */ = {isa = PBXFileReference; fileEncoding = 4; lastKnownFileType = sourcecode.swift; path = Recommends.swift; sourceTree = "<group>"; };
		6D56A0C11E13A17D001CF395 /* FavouriteViewController.swift */ = {isa = PBXFileReference; fileEncoding = 4; lastKnownFileType = sourcecode.swift; path = FavouriteViewController.swift; sourceTree = "<group>"; };
		6D56A0C31E13A17D001CF395 /* RecommendCell.swift */ = {isa = PBXFileReference; fileEncoding = 4; lastKnownFileType = sourcecode.swift; path = RecommendCell.swift; sourceTree = "<group>"; };
		6D56A0C41E13A17D001CF395 /* RecommendHeaderDiscovery.swift */ = {isa = PBXFileReference; fileEncoding = 4; lastKnownFileType = sourcecode.swift; path = RecommendHeaderDiscovery.swift; sourceTree = "<group>"; };
		6D56A0C51E13A17D001CF395 /* RecommendHeaderView.swift */ = {isa = PBXFileReference; fileEncoding = 4; lastKnownFileType = sourcecode.swift; path = RecommendHeaderView.swift; sourceTree = "<group>"; };
		6D56A0C61E13A17D001CF395 /* RecommendShowView.swift */ = {isa = PBXFileReference; fileEncoding = 4; lastKnownFileType = sourcecode.swift; path = RecommendShowView.swift; sourceTree = "<group>"; };
		6D56A0C71E13A17D001CF395 /* RecommentItem.swift */ = {isa = PBXFileReference; fileEncoding = 4; lastKnownFileType = sourcecode.swift; path = RecommentItem.swift; sourceTree = "<group>"; };
		6D56A0C81E13A17D001CF395 /* RecommentSectionView.swift */ = {isa = PBXFileReference; fileEncoding = 4; lastKnownFileType = sourcecode.swift; path = RecommentSectionView.swift; sourceTree = "<group>"; };
		6D56A0CB1E13A17D001CF395 /* RankListModel.swift */ = {isa = PBXFileReference; fileEncoding = 4; lastKnownFileType = sourcecode.swift; path = RankListModel.swift; sourceTree = "<group>"; };
		6D56A0CD1E13A17D001CF395 /* ListViewController.swift */ = {isa = PBXFileReference; fileEncoding = 4; lastKnownFileType = sourcecode.swift; path = ListViewController.swift; sourceTree = "<group>"; };
		6D56A0CF1E13A17D001CF395 /* ListHeaderView.swift */ = {isa = PBXFileReference; fileEncoding = 4; lastKnownFileType = sourcecode.swift; path = ListHeaderView.swift; sourceTree = "<group>"; };
		6D56A0D01E13A17D001CF395 /* ListSectionView.swift */ = {isa = PBXFileReference; fileEncoding = 4; lastKnownFileType = sourcecode.swift; path = ListSectionView.swift; sourceTree = "<group>"; };
		6D56A0D11E13A17D001CF395 /* XMListCell.swift */ = {isa = PBXFileReference; fileEncoding = 4; lastKnownFileType = sourcecode.swift; path = XMListCell.swift; sourceTree = "<group>"; };
		6D56A0D31E13A17D001CF395 /* HomePageTabList.swift */ = {isa = PBXFileReference; fileEncoding = 4; lastKnownFileType = sourcecode.swift; path = HomePageTabList.swift; sourceTree = "<group>"; };
		6D56A0D81E13A17D001CF395 /* RecommendViewController.swift */ = {isa = PBXFileReference; fileEncoding = 4; lastKnownFileType = sourcecode.swift; path = RecommendViewController.swift; sourceTree = "<group>"; };
		6D56A0DD1E13A17D001CF395 /* XMFindItemCell.swift */ = {isa = PBXFileReference; fileEncoding = 4; lastKnownFileType = sourcecode.swift; path = XMFindItemCell.swift; sourceTree = "<group>"; };
		6D56A0DE1E13A17D001CF395 /* XMFindToolBar.swift */ = {isa = PBXFileReference; fileEncoding = 4; lastKnownFileType = sourcecode.swift; path = XMFindToolBar.swift; sourceTree = "<group>"; };
		6D56A0DF1E13A17D001CF395 /* XMFindToolBarCell.swift */ = {isa = PBXFileReference; fileEncoding = 4; lastKnownFileType = sourcecode.swift; path = XMFindToolBarCell.swift; sourceTree = "<group>"; };
		6D56A0FC1E13A195001CF395 /* HomePageViewController.swift */ = {isa = PBXFileReference; fileEncoding = 4; lastKnownFileType = sourcecode.swift; path = HomePageViewController.swift; sourceTree = "<group>"; };
		6D56A1001E13B4DC001CF395 /* HomePageApi.swift */ = {isa = PBXFileReference; fileEncoding = 4; lastKnownFileType = sourcecode.swift; path = HomePageApi.swift; sourceTree = "<group>"; };
		6D56A1021E13B577001CF395 /* XMFindApi.swift */ = {isa = PBXFileReference; fileEncoding = 4; lastKnownFileType = sourcecode.swift; path = XMFindApi.swift; sourceTree = "<group>"; };
		6D56A1041E13BA19001CF395 /* FindCell.swift */ = {isa = PBXFileReference; fileEncoding = 4; lastKnownFileType = sourcecode.swift; path = FindCell.swift; sourceTree = "<group>"; };
		6D56A1061E13BB9D001CF395 /* FindModel.swift */ = {isa = PBXFileReference; fileEncoding = 4; lastKnownFileType = sourcecode.swift; path = FindModel.swift; sourceTree = "<group>"; };
		6D56A1081E13CC9E001CF395 /* UIButton+Extension.swift */ = {isa = PBXFileReference; fileEncoding = 4; lastKnownFileType = sourcecode.swift; path = "UIButton+Extension.swift"; sourceTree = "<group>"; };
		6D5D680C1E14A003000D497B /* MineViewController.swift */ = {isa = PBXFileReference; fileEncoding = 4; lastKnownFileType = sourcecode.swift; path = MineViewController.swift; sourceTree = "<group>"; };
		6D5D680F1E14A11C000D497B /* MineCell.swift */ = {isa = PBXFileReference; fileEncoding = 4; lastKnownFileType = sourcecode.swift; path = MineCell.swift; sourceTree = "<group>"; };
		6D5D68111E14ACB4000D497B /* UINavigationBar+Extension.swift */ = {isa = PBXFileReference; fileEncoding = 4; lastKnownFileType = sourcecode.swift; path = "UINavigationBar+Extension.swift"; sourceTree = "<group>"; };
		6D5D68131E14AF56000D497B /* UIImage+Extension.swift */ = {isa = PBXFileReference; fileEncoding = 4; lastKnownFileType = sourcecode.swift; path = "UIImage+Extension.swift"; sourceTree = "<group>"; };
		6D5D68151E14FECB000D497B /* MineHeaderView.swift */ = {isa = PBXFileReference; fileEncoding = 4; lastKnownFileType = sourcecode.swift; path = MineHeaderView.swift; sourceTree = "<group>"; };
		6D5F28741E160A6200A18E89 /* XMXMLYFM-Bridging-Header.h */ = {isa = PBXFileReference; lastKnownFileType = sourcecode.c.h; path = "XMXMLYFM-Bridging-Header.h"; sourceTree = "<group>"; };
		6D5F28751E160A6200A18E89 /* UIButton+Extension.h */ = {isa = PBXFileReference; fileEncoding = 4; lastKnownFileType = sourcecode.c.h; path = "UIButton+Extension.h"; sourceTree = "<group>"; };
		6D5F28761E160A6200A18E89 /* UIButton+Extension.m */ = {isa = PBXFileReference; fileEncoding = 4; lastKnownFileType = sourcecode.c.objc; path = "UIButton+Extension.m"; sourceTree = "<group>"; };
		6D5F287C1E16305900A18E89 /* LoginViewController.swift */ = {isa = PBXFileReference; fileEncoding = 4; lastKnownFileType = sourcecode.swift; path = LoginViewController.swift; sourceTree = "<group>"; };
		6D5F287E1E1647BD00A18E89 /* LogonViewController.swift */ = {isa = PBXFileReference; fileEncoding = 4; lastKnownFileType = sourcecode.swift; path = LogonViewController.swift; sourceTree = "<group>"; };
		6D7F37861E0392F200FD4CCE /* XMCycleScrollView.swift */ = {isa = PBXFileReference; fileEncoding = 4; lastKnownFileType = sourcecode.swift; path = XMCycleScrollView.swift; sourceTree = "<group>"; };
		6D7F37881E0395DE00FD4CCE /* XMCycleItem.swift */ = {isa = PBXFileReference; fileEncoding = 4; lastKnownFileType = sourcecode.swift; path = XMCycleItem.swift; sourceTree = "<group>"; };
		6D9AD4F21E07845A00C9D824 /* UIImageView+Extension.swift */ = {isa = PBXFileReference; fileEncoding = 4; lastKnownFileType = sourcecode.swift; path = "UIImageView+Extension.swift"; sourceTree = "<group>"; };
		6DA8C8A71F188C2B008738B3 /* XMPageView.swift */ = {isa = PBXFileReference; fileEncoding = 4; lastKnownFileType = sourcecode.swift; path = XMPageView.swift; sourceTree = "<group>"; };
		6DBE1BFB1F1719B000C5F057 /* ClassifyItem.swift */ = {isa = PBXFileReference; fileEncoding = 4; lastKnownFileType = sourcecode.swift; path = ClassifyItem.swift; sourceTree = "<group>"; };
		6DBE1BFD1F173FAC00C5F057 /* ClassifyDetailViewController.swift */ = {isa = PBXFileReference; fileEncoding = 4; lastKnownFileType = sourcecode.swift; path = ClassifyDetailViewController.swift; sourceTree = "<group>"; };
		6DBE1C001F17402E00C5F057 /* ClassifyTool.swift */ = {isa = PBXFileReference; fileEncoding = 4; lastKnownFileType = sourcecode.swift; path = ClassifyTool.swift; sourceTree = "<group>"; };
		6DBFF4681DF7A782006E63CE /* XMXMLYFM.app */ = {isa = PBXFileReference; explicitFileType = wrapper.application; includeInIndex = 0; path = XMXMLYFM.app; sourceTree = BUILT_PRODUCTS_DIR; };
		6DBFF4701DF7A782006E63CE /* Base */ = {isa = PBXFileReference; lastKnownFileType = file.storyboard; name = Base; path = Base.lproj/Main.storyboard; sourceTree = "<group>"; };
		6DBFF4721DF7A782006E63CE /* Assets.xcassets */ = {isa = PBXFileReference; lastKnownFileType = folder.assetcatalog; name = Assets.xcassets; path = ../../Assets.xcassets; sourceTree = "<group>"; };
		6DBFF4751DF7A782006E63CE /* Base */ = {isa = PBXFileReference; lastKnownFileType = file.storyboard; name = Base; path = Base.lproj/LaunchScreen.storyboard; sourceTree = "<group>"; };
		6DBFF4771DF7A782006E63CE /* Info.plist */ = {isa = PBXFileReference; lastKnownFileType = text.plist.xml; name = Info.plist; path = ../../Info.plist; sourceTree = "<group>"; };
		6DBFF47C1DF7A782006E63CE /* XMXMLYFMTests.xctest */ = {isa = PBXFileReference; explicitFileType = wrapper.cfbundle; includeInIndex = 0; path = XMXMLYFMTests.xctest; sourceTree = BUILT_PRODUCTS_DIR; };
		6DBFF4801DF7A782006E63CE /* XMXMLYFMTests.swift */ = {isa = PBXFileReference; lastKnownFileType = sourcecode.swift; path = XMXMLYFMTests.swift; sourceTree = "<group>"; };
		6DBFF4821DF7A782006E63CE /* Info.plist */ = {isa = PBXFileReference; lastKnownFileType = text.plist.xml; path = Info.plist; sourceTree = "<group>"; };
		6DBFF4871DF7A782006E63CE /* XMXMLYFMUITests.xctest */ = {isa = PBXFileReference; explicitFileType = wrapper.cfbundle; includeInIndex = 0; path = XMXMLYFMUITests.xctest; sourceTree = BUILT_PRODUCTS_DIR; };
		6DBFF48B1DF7A782006E63CE /* XMXMLYFMUITests.swift */ = {isa = PBXFileReference; lastKnownFileType = sourcecode.swift; path = XMXMLYFMUITests.swift; sourceTree = "<group>"; };
		6DBFF48D1DF7A782006E63CE /* Info.plist */ = {isa = PBXFileReference; lastKnownFileType = text.plist.xml; path = Info.plist; sourceTree = "<group>"; };
		6DBFF49D1DF7A916006E63CE /* AppDelegate.swift */ = {isa = PBXFileReference; fileEncoding = 4; lastKnownFileType = sourcecode.swift; path = AppDelegate.swift; sourceTree = "<group>"; };
		6DBFF49F1DF7A916006E63CE /* ViewController.swift */ = {isa = PBXFileReference; fileEncoding = 4; lastKnownFileType = sourcecode.swift; path = ViewController.swift; sourceTree = "<group>"; };
		6DBFF4A71DF7B281006E63CE /* XMTabBarController.swift */ = {isa = PBXFileReference; fileEncoding = 4; lastKnownFileType = sourcecode.swift; path = XMTabBarController.swift; sourceTree = "<group>"; };
		6DBFF4A91DF7B3DD006E63CE /* Header.h */ = {isa = PBXFileReference; lastKnownFileType = sourcecode.c.h; path = Header.h; sourceTree = "<group>"; };
		6DBFF4AA1DF7B405006E63CE /* Common.swift */ = {isa = PBXFileReference; fileEncoding = 4; lastKnownFileType = sourcecode.swift; path = Common.swift; sourceTree = "<group>"; };
		6DBFF4AC1DF7B490006E63CE /* PrefixHeader.pch */ = {isa = PBXFileReference; lastKnownFileType = sourcecode.c.h; path = PrefixHeader.pch; sourceTree = "<group>"; };
		6DBFF4AE1DF7E813006E63CE /* XMPlayViewController.swift */ = {isa = PBXFileReference; fileEncoding = 4; lastKnownFileType = sourcecode.swift; path = XMPlayViewController.swift; sourceTree = "<group>"; };
		6DBFF4B11DF7E87F006E63CE /* XMBaseNavigationController.swift */ = {isa = PBXFileReference; fileEncoding = 4; lastKnownFileType = sourcecode.swift; path = XMBaseNavigationController.swift; sourceTree = "<group>"; };
		6DBFF4B81DF7EAAF006E63CE /* UIView+Extension.swift */ = {isa = PBXFileReference; fileEncoding = 4; lastKnownFileType = sourcecode.swift; path = "UIView+Extension.swift"; sourceTree = "<group>"; };
		6DBFF4C41DF7F13D006E63CE /* DownloadViewController.swift */ = {isa = PBXFileReference; fileEncoding = 4; lastKnownFileType = sourcecode.swift; path = DownloadViewController.swift; sourceTree = "<group>"; };
		6DBFF4C81DF7F53B006E63CE /* XMBaseViewController.swift */ = {isa = PBXFileReference; fileEncoding = 4; lastKnownFileType = sourcecode.swift; path = XMBaseViewController.swift; sourceTree = "<group>"; };
		6DBFF4CC1DF7F68E006E63CE /* FindViewController.swift */ = {isa = PBXFileReference; fileEncoding = 4; lastKnownFileType = sourcecode.swift; path = FindViewController.swift; sourceTree = "<group>"; };
		6DC6226C1E01393C00B1519B /* XMResponseModel.swift */ = {isa = PBXFileReference; fileEncoding = 4; lastKnownFileType = sourcecode.swift; path = XMResponseModel.swift; sourceTree = "<group>"; };
		6DF76BB51E01162200A7DCA7 /* XMNetwrorkTool.swift */ = {isa = PBXFileReference; fileEncoding = 4; lastKnownFileType = sourcecode.swift; path = XMNetwrorkTool.swift; sourceTree = "<group>"; };
		8867923A0B53BE6387288479 /* Pods-XMXMLYFM.release.xcconfig */ = {isa = PBXFileReference; includeInIndex = 1; lastKnownFileType = text.xcconfig; name = "Pods-XMXMLYFM.release.xcconfig"; path = "Pods/Target Support Files/Pods-XMXMLYFM/Pods-XMXMLYFM.release.xcconfig"; sourceTree = "<group>"; };
		9371E54385813F10AA6E6CF4 /* Pods-XMXMLYFM.debug.xcconfig */ = {isa = PBXFileReference; includeInIndex = 1; lastKnownFileType = text.xcconfig; name = "Pods-XMXMLYFM.debug.xcconfig"; path = "Pods/Target Support Files/Pods-XMXMLYFM/Pods-XMXMLYFM.debug.xcconfig"; sourceTree = "<group>"; };
		9FEC34403B466402AB6795A3 /* Pods_XMXMLYFM.framework */ = {isa = PBXFileReference; explicitFileType = wrapper.framework; includeInIndex = 0; path = Pods_XMXMLYFM.framework; sourceTree = BUILT_PRODUCTS_DIR; };
/* End PBXFileReference section */

/* Begin PBXFrameworksBuildPhase section */
		6DBFF4651DF7A782006E63CE /* Frameworks */ = {
			isa = PBXFrameworksBuildPhase;
			buildActionMask = 2147483647;
			files = (
				1B1856AEBCDD48D24214E958 /* Pods_XMXMLYFM.framework in Frameworks */,
			);
			runOnlyForDeploymentPostprocessing = 0;
		};
		6DBFF4791DF7A782006E63CE /* Frameworks */ = {
			isa = PBXFrameworksBuildPhase;
			buildActionMask = 2147483647;
			files = (
			);
			runOnlyForDeploymentPostprocessing = 0;
		};
		6DBFF4841DF7A782006E63CE /* Frameworks */ = {
			isa = PBXFrameworksBuildPhase;
			buildActionMask = 2147483647;
			files = (
			);
			runOnlyForDeploymentPostprocessing = 0;
		};
/* End PBXFrameworksBuildPhase section */

/* Begin PBXGroup section */
		40B4969442CECF9AF0B52979 /* Frameworks */ = {
			isa = PBXGroup;
			children = (
				9FEC34403B466402AB6795A3 /* Pods_XMXMLYFM.framework */,
			);
			name = Frameworks;
			sourceTree = "<group>";
		};
		6D56A0A01E139FBE001CF395 /* Models */ = {
			isa = PBXGroup;
			children = (
				6D56A0A51E13A00C001CF395 /* SubscribeAPI.swift */,
			);
			path = Models;
			sourceTree = "<group>";
		};
		6D56A0A11E139FBE001CF395 /* Viewcontrollers */ = {
			isa = PBXGroup;
			children = (
				6D56A0A21E139FBE001CF395 /* SubscribeViewController.swift */,
			);
			path = Viewcontrollers;
			sourceTree = "<group>";
		};
		6D56A0A31E139FBE001CF395 /* Views */ = {
			isa = PBXGroup;
			children = (
			);
			path = Views;
			sourceTree = "<group>";
		};
		6D56A0A71E13A17D001CF395 /* HomePage(首页) */ = {
			isa = PBXGroup;
			children = (
				6D56A0DB1E13A17D001CF395 /* ViewControllers */,
				6D56A0DC1E13A17D001CF395 /* Views */,
				6D56A0A81E13A17D001CF395 /* Anchor(主播) */,
				6D56A0B01E13A17D001CF395 /* Broadcast(广播) */,
				6D56A0B51E13A17D001CF395 /* Classify(分类) */,
				6D56A0BC1E13A17D001CF395 /* Favourite(热门) */,
				6D56A0C91E13A17D001CF395 /* List(榜单) */,
				6D56A0D21E13A17D001CF395 /* Models */,
				6D56A0D51E13A17D001CF395 /* Recommend(推荐) */,
			);
			path = "HomePage(首页)";
			sourceTree = "<group>";
		};
		6D56A0A81E13A17D001CF395 /* Anchor(主播) */ = {
			isa = PBXGroup;
			children = (
				6D56A0A91E13A17D001CF395 /* Models */,
				6D56A0AB1E13A17D001CF395 /* Viewcontrollers */,
				6D56A0AD1E13A17D001CF395 /* Views */,
			);
			path = "Anchor(主播)";
			sourceTree = "<group>";
		};
		6D56A0A91E13A17D001CF395 /* Models */ = {
			isa = PBXGroup;
			children = (
				6D56A0AA1E13A17D001CF395 /* AnchorRecommend.swift */,
			);
			path = Models;
			sourceTree = "<group>";
		};
		6D56A0AB1E13A17D001CF395 /* Viewcontrollers */ = {
			isa = PBXGroup;
			children = (
				6D56A0AC1E13A17D001CF395 /* AnchorViewController.swift */,
			);
			path = Viewcontrollers;
			sourceTree = "<group>";
		};
		6D56A0AD1E13A17D001CF395 /* Views */ = {
			isa = PBXGroup;
			children = (
				6D56A0AE1E13A17D001CF395 /* AnchorHeaderView.swift */,
				6D56A0AF1E13A17D001CF395 /* AnchorItem.swift */,
			);
			path = Views;
			sourceTree = "<group>";
		};
		6D56A0B01E13A17D001CF395 /* Broadcast(广播) */ = {
			isa = PBXGroup;
			children = (
				6D56A0B11E13A17D001CF395 /* Models */,
				6D56A0B21E13A17D001CF395 /* Viewcontrollers */,
				6D56A0B41E13A17D001CF395 /* Views */,
			);
			path = "Broadcast(广播)";
			sourceTree = "<group>";
		};
		6D56A0B11E13A17D001CF395 /* Models */ = {
			isa = PBXGroup;
			children = (
			);
			path = Models;
			sourceTree = "<group>";
		};
		6D56A0B21E13A17D001CF395 /* Viewcontrollers */ = {
			isa = PBXGroup;
			children = (
				6D56A0B31E13A17D001CF395 /* BroadcastViewController.swift */,
			);
			path = Viewcontrollers;
			sourceTree = "<group>";
		};
		6D56A0B41E13A17D001CF395 /* Views */ = {
			isa = PBXGroup;
			children = (
			);
			path = Views;
			sourceTree = "<group>";
		};
		6D56A0B51E13A17D001CF395 /* Classify(分类) */ = {
			isa = PBXGroup;
			children = (
				6D56A0B81E13A17D001CF395 /* Viewcontrollers */,
				6D56A0B61E13A17D001CF395 /* Models */,
				6D56A0BA1E13A17D001CF395 /* Views */,
				6DBE1BFF1F17400000C5F057 /* Tools */,
			);
			path = "Classify(分类)";
			sourceTree = "<group>";
		};
		6D56A0B61E13A17D001CF395 /* Models */ = {
			isa = PBXGroup;
			children = (
				6D56A0B71E13A17D001CF395 /* Categories.swift */,
			);
			path = Models;
			sourceTree = "<group>";
		};
		6D56A0B81E13A17D001CF395 /* Viewcontrollers */ = {
			isa = PBXGroup;
			children = (
				6D56A0B91E13A17D001CF395 /* ClassifyViewController.swift */,
				6DBE1BFD1F173FAC00C5F057 /* ClassifyDetailViewController.swift */,
			);
			path = Viewcontrollers;
			sourceTree = "<group>";
		};
		6D56A0BA1E13A17D001CF395 /* Views */ = {
			isa = PBXGroup;
			children = (
				6DBE1BFB1F1719B000C5F057 /* ClassifyItem.swift */,
			);
			path = Views;
			sourceTree = "<group>";
		};
		6D56A0BC1E13A17D001CF395 /* Favourite(热门) */ = {
			isa = PBXGroup;
			children = (
				6D56A0BD1E13A17D001CF395 /* Models */,
				6D56A0C01E13A17D001CF395 /* Viewcontrollers */,
				6D56A0C21E13A17D001CF395 /* Views */,
			);
			path = "Favourite(热门)";
			sourceTree = "<group>";
		};
		6D56A0BD1E13A17D001CF395 /* Models */ = {
			isa = PBXGroup;
			children = (
				6D56A0BE1E13A17D001CF395 /* HotAndGuess.swift */,
				6D56A0BF1E13A17D001CF395 /* Recommends.swift */,
			);
			path = Models;
			sourceTree = "<group>";
		};
		6D56A0C01E13A17D001CF395 /* Viewcontrollers */ = {
			isa = PBXGroup;
			children = (
				6D56A0C11E13A17D001CF395 /* FavouriteViewController.swift */,
			);
			path = Viewcontrollers;
			sourceTree = "<group>";
		};
		6D56A0C21E13A17D001CF395 /* Views */ = {
			isa = PBXGroup;
			children = (
				6D56A0C31E13A17D001CF395 /* RecommendCell.swift */,
				6D56A0C41E13A17D001CF395 /* RecommendHeaderDiscovery.swift */,
				6D56A0C51E13A17D001CF395 /* RecommendHeaderView.swift */,
				6D56A0C61E13A17D001CF395 /* RecommendShowView.swift */,
				6D56A0C71E13A17D001CF395 /* RecommentItem.swift */,
				6D56A0C81E13A17D001CF395 /* RecommentSectionView.swift */,
			);
			path = Views;
			sourceTree = "<group>";
		};
		6D56A0C91E13A17D001CF395 /* List(榜单) */ = {
			isa = PBXGroup;
			children = (
				6D56A0CA1E13A17D001CF395 /* Models */,
				6D56A0CC1E13A17D001CF395 /* Viewcontrollers */,
				6D56A0CE1E13A17D001CF395 /* Views */,
			);
			path = "List(榜单)";
			sourceTree = "<group>";
		};
		6D56A0CA1E13A17D001CF395 /* Models */ = {
			isa = PBXGroup;
			children = (
				6D56A0CB1E13A17D001CF395 /* RankListModel.swift */,
			);
			path = Models;
			sourceTree = "<group>";
		};
		6D56A0CC1E13A17D001CF395 /* Viewcontrollers */ = {
			isa = PBXGroup;
			children = (
				6D56A0CD1E13A17D001CF395 /* ListViewController.swift */,
			);
			path = Viewcontrollers;
			sourceTree = "<group>";
		};
		6D56A0CE1E13A17D001CF395 /* Views */ = {
			isa = PBXGroup;
			children = (
				6D56A0CF1E13A17D001CF395 /* ListHeaderView.swift */,
				6D56A0D01E13A17D001CF395 /* ListSectionView.swift */,
				6D56A0D11E13A17D001CF395 /* XMListCell.swift */,
			);
			path = Views;
			sourceTree = "<group>";
		};
		6D56A0D21E13A17D001CF395 /* Models */ = {
			isa = PBXGroup;
			children = (
				6D56A0D31E13A17D001CF395 /* HomePageTabList.swift */,
				6D56A1001E13B4DC001CF395 /* HomePageApi.swift */,
			);
			path = Models;
			sourceTree = "<group>";
		};
		6D56A0D51E13A17D001CF395 /* Recommend(推荐) */ = {
			isa = PBXGroup;
			children = (
				6D56A0D61E13A17D001CF395 /* Models */,
				6D56A0D71E13A17D001CF395 /* Viewcontrollers */,
				6D56A0D91E13A17D001CF395 /* ViewModels */,
				6D56A0DA1E13A17D001CF395 /* Views */,
			);
			path = "Recommend(推荐)";
			sourceTree = "<group>";
		};
		6D56A0D61E13A17D001CF395 /* Models */ = {
			isa = PBXGroup;
			children = (
			);
			path = Models;
			sourceTree = "<group>";
		};
		6D56A0D71E13A17D001CF395 /* Viewcontrollers */ = {
			isa = PBXGroup;
			children = (
				6D56A0D81E13A17D001CF395 /* RecommendViewController.swift */,
			);
			path = Viewcontrollers;
			sourceTree = "<group>";
		};
		6D56A0D91E13A17D001CF395 /* ViewModels */ = {
			isa = PBXGroup;
			children = (
			);
			path = ViewModels;
			sourceTree = "<group>";
		};
		6D56A0DA1E13A17D001CF395 /* Views */ = {
			isa = PBXGroup;
			children = (
			);
			path = Views;
			sourceTree = "<group>";
		};
		6D56A0DB1E13A17D001CF395 /* ViewControllers */ = {
			isa = PBXGroup;
			children = (
				6D56A0FC1E13A195001CF395 /* HomePageViewController.swift */,
			);
			path = ViewControllers;
			sourceTree = "<group>";
		};
		6D56A0DC1E13A17D001CF395 /* Views */ = {
			isa = PBXGroup;
			children = (
				6D56A0DD1E13A17D001CF395 /* XMFindItemCell.swift */,
				6D56A0DE1E13A17D001CF395 /* XMFindToolBar.swift */,
				6D56A0DF1E13A17D001CF395 /* XMFindToolBarCell.swift */,
			);
			path = Views;
			sourceTree = "<group>";
		};
		6D5D680A1E14A003000D497B /* Models */ = {
			isa = PBXGroup;
			children = (
			);
			path = Models;
			sourceTree = "<group>";
		};
		6D5D680B1E14A003000D497B /* ViewControllers */ = {
			isa = PBXGroup;
			children = (
				6D5D680C1E14A003000D497B /* MineViewController.swift */,
			);
			path = ViewControllers;
			sourceTree = "<group>";
		};
		6D5D680D1E14A003000D497B /* Views */ = {
			isa = PBXGroup;
			children = (
				6D5D680F1E14A11C000D497B /* MineCell.swift */,
				6D5D68151E14FECB000D497B /* MineHeaderView.swift */,
			);
			path = Views;
			sourceTree = "<group>";
		};
		6D5F28781E16304300A18E89 /* Login(登录) */ = {
			isa = PBXGroup;
			children = (
				6D5F28791E16304300A18E89 /* Models */,
				6D5F287A1E16304300A18E89 /* Viewcontrollers */,
				6D5F287B1E16304300A18E89 /* Views */,
			);
			path = "Login(登录)";
			sourceTree = "<group>";
		};
		6D5F28791E16304300A18E89 /* Models */ = {
			isa = PBXGroup;
			children = (
			);
			path = Models;
			sourceTree = "<group>";
		};
		6D5F287A1E16304300A18E89 /* Viewcontrollers */ = {
			isa = PBXGroup;
			children = (
				6D5F287C1E16305900A18E89 /* LoginViewController.swift */,
				6D5F287E1E1647BD00A18E89 /* LogonViewController.swift */,
			);
			path = Viewcontrollers;
			sourceTree = "<group>";
		};
		6D5F287B1E16304300A18E89 /* Views */ = {
			isa = PBXGroup;
			children = (
			);
			path = Views;
			sourceTree = "<group>";
		};
		6D7F37841E0392B700FD4CCE /* XMTools */ = {
			isa = PBXGroup;
			children = (
				6D7F37851E0392E400FD4CCE /* XMCycleScrollView */,
				6DA8C8A71F188C2B008738B3 /* XMPageView.swift */,
			);
			path = XMTools;
			sourceTree = "<group>";
		};
		6D7F37851E0392E400FD4CCE /* XMCycleScrollView */ = {
			isa = PBXGroup;
			children = (
				6D7F37861E0392F200FD4CCE /* XMCycleScrollView.swift */,
				6D7F37881E0395DE00FD4CCE /* XMCycleItem.swift */,
			);
			path = XMCycleScrollView;
			sourceTree = "<group>";
		};
		6DBE1BFF1F17400000C5F057 /* Tools */ = {
			isa = PBXGroup;
			children = (
				6DBE1C001F17402E00C5F057 /* ClassifyTool.swift */,
			);
			path = Tools;
			sourceTree = "<group>";
		};
		6DBFF45F1DF7A782006E63CE = {
			isa = PBXGroup;
			children = (
				6DBFF46A1DF7A782006E63CE /* XMXMLYFM */,
				6DBFF47F1DF7A782006E63CE /* XMXMLYFMTests */,
				6DBFF48A1DF7A782006E63CE /* XMXMLYFMUITests */,
				6DBFF4691DF7A782006E63CE /* Products */,
				B5155F3DD03CF44A62AA36F3 /* Pods */,
				40B4969442CECF9AF0B52979 /* Frameworks */,
			);
			sourceTree = "<group>";
		};
		6DBFF4691DF7A782006E63CE /* Products */ = {
			isa = PBXGroup;
			children = (
				6DBFF4681DF7A782006E63CE /* XMXMLYFM.app */,
				6DBFF47C1DF7A782006E63CE /* XMXMLYFMTests.xctest */,
				6DBFF4871DF7A782006E63CE /* XMXMLYFMUITests.xctest */,
			);
			name = Products;
			sourceTree = "<group>";
		};
		6DBFF46A1DF7A782006E63CE /* XMXMLYFM */ = {
			isa = PBXGroup;
			children = (
				6DBFF4991DF7A916006E63CE /* Classes */,
			);
			path = XMXMLYFM;
			sourceTree = "<group>";
		};
		6DBFF47F1DF7A782006E63CE /* XMXMLYFMTests */ = {
			isa = PBXGroup;
			children = (
				6DBFF4801DF7A782006E63CE /* XMXMLYFMTests.swift */,
				6DBFF4821DF7A782006E63CE /* Info.plist */,
			);
			path = XMXMLYFMTests;
			sourceTree = "<group>";
		};
		6DBFF48A1DF7A782006E63CE /* XMXMLYFMUITests */ = {
			isa = PBXGroup;
			children = (
				6DBFF48B1DF7A782006E63CE /* XMXMLYFMUITests.swift */,
				6DBFF48D1DF7A782006E63CE /* Info.plist */,
			);
			path = XMXMLYFMUITests;
			sourceTree = "<group>";
		};
		6DBFF4991DF7A916006E63CE /* Classes */ = {
			isa = PBXGroup;
			children = (
				6DBFF49B1DF7A916006E63CE /* Main(主要) */,
				6DBFF4A21DF7A916006E63CE /* Tools(工具) */,
				6DBFF4A01DF7A916006E63CE /* Other(其他) */,
				6DBFF49A1DF7A916006E63CE /* Lib-(库) */,
				6DBFF4A11DF7A916006E63CE /* Resources(资源) */,
			);
			path = Classes;
			sourceTree = "<group>";
		};
		6DBFF49A1DF7A916006E63CE /* Lib-(库) */ = {
			isa = PBXGroup;
			children = (
			);
			path = "Lib-(库)";
			sourceTree = "<group>";
		};
		6DBFF49B1DF7A916006E63CE /* Main(主要) */ = {
			isa = PBXGroup;
			children = (
				6D56A0A71E13A17D001CF395 /* HomePage(首页) */,
				6DBFF4BD1DF7F0E5006E63CE /* Find(发现) */,
				6DBFF4BF1DF7F0E5006E63CE /* Subscribe(订阅听) */,
				6DBFF4AD1DF7E7D8006E63CE /* Play(播放) */,
				6DBFF4BC1DF7F0E5006E63CE /* Download(下载听) */,
				6DBFF4BE1DF7F0E5006E63CE /* Mine(我的) */,
				6D5F28781E16304300A18E89 /* Login(登录) */,
				6DBFF4B01DF7E838006E63CE /* XMBaseNavigationController */,
				6DBFF49C1DF7A916006E63CE /* Appdelegate */,
				6DBFF4A61DF7B246006E63CE /* XMTabBarController */,
				6DBFF49E1DF7A916006E63CE /* Others */,
			);
			path = "Main(主要)";
			sourceTree = "<group>";
		};
		6DBFF49C1DF7A916006E63CE /* Appdelegate */ = {
			isa = PBXGroup;
			children = (
				6DBFF49D1DF7A916006E63CE /* AppDelegate.swift */,
			);
			path = Appdelegate;
			sourceTree = "<group>";
		};
		6DBFF49E1DF7A916006E63CE /* Others */ = {
			isa = PBXGroup;
			children = (
				6DBFF49F1DF7A916006E63CE /* ViewController.swift */,
				6D2077DF1EF367240008C1D9 /* DetailsViewController.swift */,
				6DBFF4C81DF7F53B006E63CE /* XMBaseViewController.swift */,
			);
			path = Others;
			sourceTree = "<group>";
		};
		6DBFF4A01DF7A916006E63CE /* Other(其他) */ = {
			isa = PBXGroup;
			children = (
				6DBFF4A91DF7B3DD006E63CE /* Header.h */,
				6DBFF4AC1DF7B490006E63CE /* PrefixHeader.pch */,
				6DBFF4AA1DF7B405006E63CE /* Common.swift */,
			);
			path = "Other(其他)";
			sourceTree = "<group>";
		};
		6DBFF4A11DF7A916006E63CE /* Resources(资源) */ = {
			isa = PBXGroup;
			children = (
				6DBFF4771DF7A782006E63CE /* Info.plist */,
				6DBFF4721DF7A782006E63CE /* Assets.xcassets */,
				6DBFF4A51DF7A92F006E63CE /* Xib */,
			);
			path = "Resources(资源)";
			sourceTree = "<group>";
		};
		6DBFF4A21DF7A916006E63CE /* Tools(工具) */ = {
			isa = PBXGroup;
			children = (
				6D7F37841E0392B700FD4CCE /* XMTools */,
				6DF76BB41E0115F100A7DCA7 /* NetworkTools */,
				6DBFF4B31DF7EA65006E63CE /* Category */,
			);
			path = "Tools(工具)";
			sourceTree = "<group>";
		};
		6DBFF4A51DF7A92F006E63CE /* Xib */ = {
			isa = PBXGroup;
			children = (
				6DBFF46F1DF7A782006E63CE /* Main.storyboard */,
				6DBFF4741DF7A782006E63CE /* LaunchScreen.storyboard */,
			);
			name = Xib;
			sourceTree = "<group>";
		};
		6DBFF4A61DF7B246006E63CE /* XMTabBarController */ = {
			isa = PBXGroup;
			children = (
				6DBFF4A71DF7B281006E63CE /* XMTabBarController.swift */,
			);
			path = XMTabBarController;
			sourceTree = "<group>";
		};
		6DBFF4AD1DF7E7D8006E63CE /* Play(播放) */ = {
			isa = PBXGroup;
			children = (
				6DBFF4AE1DF7E813006E63CE /* XMPlayViewController.swift */,
			);
			path = "Play(播放)";
			sourceTree = "<group>";
		};
		6DBFF4B01DF7E838006E63CE /* XMBaseNavigationController */ = {
			isa = PBXGroup;
			children = (
				6DBFF4B11DF7E87F006E63CE /* XMBaseNavigationController.swift */,
			);
			path = XMBaseNavigationController;
			sourceTree = "<group>";
		};
		6DBFF4B31DF7EA65006E63CE /* Category */ = {
			isa = PBXGroup;
			children = (
				6D5F28751E160A6200A18E89 /* UIButton+Extension.h */,
				6D5F28761E160A6200A18E89 /* UIButton+Extension.m */,
				6DBFF4B81DF7EAAF006E63CE /* UIView+Extension.swift */,
				6D9AD4F21E07845A00C9D824 /* UIImageView+Extension.swift */,
				6D56A1081E13CC9E001CF395 /* UIButton+Extension.swift */,
				6D5D68131E14AF56000D497B /* UIImage+Extension.swift */,
				6D5D68111E14ACB4000D497B /* UINavigationBar+Extension.swift */,
				6D5F28741E160A6200A18E89 /* XMXMLYFM-Bridging-Header.h */,
			);
			path = Category;
			sourceTree = "<group>";
		};
		6DBFF4BC1DF7F0E5006E63CE /* Download(下载听) */ = {
			isa = PBXGroup;
			children = (
				6DBFF4C41DF7F13D006E63CE /* DownloadViewController.swift */,
			);
			path = "Download(下载听)";
			sourceTree = "<group>";
		};
		6DBFF4BD1DF7F0E5006E63CE /* Find(发现) */ = {
			isa = PBXGroup;
			children = (
				6DBFF4CB1DF7F68E006E63CE /* ViewControllers */,
				6DBFF4CD1DF7F68E006E63CE /* Views */,
				6DBFF4CA1DF7F68E006E63CE /* Models */,
			);
			path = "Find(发现)";
			sourceTree = "<group>";
		};
		6DBFF4BE1DF7F0E5006E63CE /* Mine(我的) */ = {
			isa = PBXGroup;
			children = (
				6D5D680B1E14A003000D497B /* ViewControllers */,
				6D5D680A1E14A003000D497B /* Models */,
				6D5D680D1E14A003000D497B /* Views */,
			);
			path = "Mine(我的)";
			sourceTree = "<group>";
		};
		6DBFF4BF1DF7F0E5006E63CE /* Subscribe(订阅听) */ = {
			isa = PBXGroup;
			children = (
				6D56A0A01E139FBE001CF395 /* Models */,
				6D56A0A11E139FBE001CF395 /* Viewcontrollers */,
				6D56A0A31E139FBE001CF395 /* Views */,
			);
			path = "Subscribe(订阅听)";
			sourceTree = "<group>";
		};
		6DBFF4CA1DF7F68E006E63CE /* Models */ = {
			isa = PBXGroup;
			children = (
				6D56A1021E13B577001CF395 /* XMFindApi.swift */,
				6D56A1061E13BB9D001CF395 /* FindModel.swift */,
			);
			path = Models;
			sourceTree = "<group>";
		};
		6DBFF4CB1DF7F68E006E63CE /* ViewControllers */ = {
			isa = PBXGroup;
			children = (
				6DBFF4CC1DF7F68E006E63CE /* FindViewController.swift */,
			);
			path = ViewControllers;
			sourceTree = "<group>";
		};
		6DBFF4CD1DF7F68E006E63CE /* Views */ = {
			isa = PBXGroup;
			children = (
				6D56A1041E13BA19001CF395 /* FindCell.swift */,
			);
			path = Views;
			sourceTree = "<group>";
		};
		6DF76BB41E0115F100A7DCA7 /* NetworkTools */ = {
			isa = PBXGroup;
			children = (
				6DF76BB51E01162200A7DCA7 /* XMNetwrorkTool.swift */,
				6DC6226C1E01393C00B1519B /* XMResponseModel.swift */,
			);
			path = NetworkTools;
			sourceTree = "<group>";
		};
		B5155F3DD03CF44A62AA36F3 /* Pods */ = {
			isa = PBXGroup;
			children = (
				9371E54385813F10AA6E6CF4 /* Pods-XMXMLYFM.debug.xcconfig */,
				8867923A0B53BE6387288479 /* Pods-XMXMLYFM.release.xcconfig */,
			);
			name = Pods;
			sourceTree = "<group>";
		};
/* End PBXGroup section */

/* Begin PBXNativeTarget section */
		6DBFF4671DF7A782006E63CE /* XMXMLYFM */ = {
			isa = PBXNativeTarget;
			buildConfigurationList = 6DBFF4901DF7A782006E63CE /* Build configuration list for PBXNativeTarget "XMXMLYFM" */;
			buildPhases = (
				A084294776D4A6B342EFEA43 /* [CP] Check Pods Manifest.lock */,
				6DBFF4641DF7A782006E63CE /* Sources */,
				6DBFF4651DF7A782006E63CE /* Frameworks */,
				6DBFF4661DF7A782006E63CE /* Resources */,
				4C604A17B7A5437B82CD31E1 /* [CP] Embed Pods Frameworks */,
				FB90CF27C592989E829797F9 /* [CP] Copy Pods Resources */,
			);
			buildRules = (
			);
			dependencies = (
			);
			name = XMXMLYFM;
			productName = XMXMLYFM;
			productReference = 6DBFF4681DF7A782006E63CE /* XMXMLYFM.app */;
			productType = "com.apple.product-type.application";
		};
		6DBFF47B1DF7A782006E63CE /* XMXMLYFMTests */ = {
			isa = PBXNativeTarget;
			buildConfigurationList = 6DBFF4931DF7A782006E63CE /* Build configuration list for PBXNativeTarget "XMXMLYFMTests" */;
			buildPhases = (
				6DBFF4781DF7A782006E63CE /* Sources */,
				6DBFF4791DF7A782006E63CE /* Frameworks */,
				6DBFF47A1DF7A782006E63CE /* Resources */,
			);
			buildRules = (
			);
			dependencies = (
				6DBFF47E1DF7A782006E63CE /* PBXTargetDependency */,
			);
			name = XMXMLYFMTests;
			productName = XMXMLYFMTests;
			productReference = 6DBFF47C1DF7A782006E63CE /* XMXMLYFMTests.xctest */;
			productType = "com.apple.product-type.bundle.unit-test";
		};
		6DBFF4861DF7A782006E63CE /* XMXMLYFMUITests */ = {
			isa = PBXNativeTarget;
			buildConfigurationList = 6DBFF4961DF7A782006E63CE /* Build configuration list for PBXNativeTarget "XMXMLYFMUITests" */;
			buildPhases = (
				6DBFF4831DF7A782006E63CE /* Sources */,
				6DBFF4841DF7A782006E63CE /* Frameworks */,
				6DBFF4851DF7A782006E63CE /* Resources */,
			);
			buildRules = (
			);
			dependencies = (
				6DBFF4891DF7A782006E63CE /* PBXTargetDependency */,
			);
			name = XMXMLYFMUITests;
			productName = XMXMLYFMUITests;
			productReference = 6DBFF4871DF7A782006E63CE /* XMXMLYFMUITests.xctest */;
			productType = "com.apple.product-type.bundle.ui-testing";
		};
/* End PBXNativeTarget section */

/* Begin PBXProject section */
		6DBFF4601DF7A782006E63CE /* Project object */ = {
			isa = PBXProject;
			attributes = {
				LastSwiftUpdateCheck = 0800;
				LastUpgradeCheck = 0800;
				ORGANIZATIONNAME = "任长平";
				TargetAttributes = {
					6DBFF4671DF7A782006E63CE = {
						CreatedOnToolsVersion = 8.0;
						DevelopmentTeam = 79NPB5RAK5;
						LastSwiftMigration = 0810;
						ProvisioningStyle = Automatic;
					};
					6DBFF47B1DF7A782006E63CE = {
						CreatedOnToolsVersion = 8.0;
						ProvisioningStyle = Automatic;
						TestTargetID = 6DBFF4671DF7A782006E63CE;
					};
					6DBFF4861DF7A782006E63CE = {
						CreatedOnToolsVersion = 8.0;
						ProvisioningStyle = Automatic;
						TestTargetID = 6DBFF4671DF7A782006E63CE;
					};
				};
			};
			buildConfigurationList = 6DBFF4631DF7A782006E63CE /* Build configuration list for PBXProject "XMXMLYFM" */;
			compatibilityVersion = "Xcode 3.2";
			developmentRegion = English;
			hasScannedForEncodings = 0;
			knownRegions = (
				en,
				Base,
			);
			mainGroup = 6DBFF45F1DF7A782006E63CE;
			productRefGroup = 6DBFF4691DF7A782006E63CE /* Products */;
			projectDirPath = "";
			projectRoot = "";
			targets = (
				6DBFF4671DF7A782006E63CE /* XMXMLYFM */,
				6DBFF47B1DF7A782006E63CE /* XMXMLYFMTests */,
				6DBFF4861DF7A782006E63CE /* XMXMLYFMUITests */,
			);
		};
/* End PBXProject section */

/* Begin PBXResourcesBuildPhase section */
		6DBFF4661DF7A782006E63CE /* Resources */ = {
			isa = PBXResourcesBuildPhase;
			buildActionMask = 2147483647;
			files = (
				6DBFF4761DF7A782006E63CE /* LaunchScreen.storyboard in Resources */,
				6DBFF4731DF7A782006E63CE /* Assets.xcassets in Resources */,
				6DBFF4711DF7A782006E63CE /* Main.storyboard in Resources */,
			);
			runOnlyForDeploymentPostprocessing = 0;
		};
		6DBFF47A1DF7A782006E63CE /* Resources */ = {
			isa = PBXResourcesBuildPhase;
			buildActionMask = 2147483647;
			files = (
			);
			runOnlyForDeploymentPostprocessing = 0;
		};
		6DBFF4851DF7A782006E63CE /* Resources */ = {
			isa = PBXResourcesBuildPhase;
			buildActionMask = 2147483647;
			files = (
			);
			runOnlyForDeploymentPostprocessing = 0;
		};
/* End PBXResourcesBuildPhase section */

/* Begin PBXShellScriptBuildPhase section */
		4C604A17B7A5437B82CD31E1 /* [CP] Embed Pods Frameworks */ = {
			isa = PBXShellScriptBuildPhase;
			buildActionMask = 2147483647;
			files = (
			);
			inputPaths = (
			);
			name = "[CP] Embed Pods Frameworks";
			outputPaths = (
			);
			runOnlyForDeploymentPostprocessing = 0;
			shellPath = /bin/sh;
			shellScript = "\"${SRCROOT}/Pods/Target Support Files/Pods-XMXMLYFM/Pods-XMXMLYFM-frameworks.sh\"\n";
			showEnvVarsInLog = 0;
		};
		A084294776D4A6B342EFEA43 /* [CP] Check Pods Manifest.lock */ = {
			isa = PBXShellScriptBuildPhase;
			buildActionMask = 2147483647;
			files = (
			);
			inputPaths = (
			);
			name = "[CP] Check Pods Manifest.lock";
			outputPaths = (
			);
			runOnlyForDeploymentPostprocessing = 0;
			shellPath = /bin/sh;
			shellScript = "diff \"${PODS_ROOT}/../Podfile.lock\" \"${PODS_ROOT}/Manifest.lock\" > /dev/null\nif [ $? != 0 ] ; then\n    # print error to STDERR\n    echo \"error: The sandbox is not in sync with the Podfile.lock. Run 'pod install' or update your CocoaPods installation.\" >&2\n    exit 1\nfi\n";
			showEnvVarsInLog = 0;
		};
		FB90CF27C592989E829797F9 /* [CP] Copy Pods Resources */ = {
			isa = PBXShellScriptBuildPhase;
			buildActionMask = 2147483647;
			files = (
			);
			inputPaths = (
			);
			name = "[CP] Copy Pods Resources";
			outputPaths = (
			);
			runOnlyForDeploymentPostprocessing = 0;
			shellPath = /bin/sh;
			shellScript = "\"${SRCROOT}/Pods/Target Support Files/Pods-XMXMLYFM/Pods-XMXMLYFM-resources.sh\"\n";
			showEnvVarsInLog = 0;
		};
/* End PBXShellScriptBuildPhase section */

/* Begin PBXSourcesBuildPhase section */
		6DBFF4641DF7A782006E63CE /* Sources */ = {
			isa = PBXSourcesBuildPhase;
			buildActionMask = 2147483647;
			files = (
				6D56A0E91E13A17D001CF395 /* Recommends.swift in Sources */,
				6DBFF4C91DF7F53B006E63CE /* XMBaseViewController.swift in Sources */,
				6D56A0F61E13A17D001CF395 /* HomePageTabList.swift in Sources */,
				6D56A0F11E13A17D001CF395 /* RankListModel.swift in Sources */,
				6D56A0EC1E13A17D001CF395 /* RecommendHeaderDiscovery.swift in Sources */,
				6D56A0F91E13A17D001CF395 /* XMFindItemCell.swift in Sources */,
				6D56A0F81E13A17D001CF395 /* RecommendViewController.swift in Sources */,
				6D56A0EE1E13A17D001CF395 /* RecommendShowView.swift in Sources */,
				6D5D68121E14ACB4000D497B /* UINavigationBar+Extension.swift in Sources */,
				6D5F28771E160A6200A18E89 /* UIButton+Extension.m in Sources */,
				6D56A0F01E13A17D001CF395 /* RecommentSectionView.swift in Sources */,
				6D56A1031E13B577001CF395 /* XMFindApi.swift in Sources */,
				6D7F37871E0392F200FD4CCE /* XMCycleScrollView.swift in Sources */,
				6D56A0A41E139FBE001CF395 /* SubscribeViewController.swift in Sources */,
				6D56A0E21E13A17D001CF395 /* AnchorHeaderView.swift in Sources */,
				6D56A0EA1E13A17D001CF395 /* FavouriteViewController.swift in Sources */,
				6DBFF4AB1DF7B405006E63CE /* Common.swift in Sources */,
				6D56A0E11E13A17D001CF395 /* AnchorViewController.swift in Sources */,
				6D56A0EB1E13A17D001CF395 /* RecommendCell.swift in Sources */,
				6D56A1071E13BB9D001CF395 /* FindModel.swift in Sources */,
				6DA8C8A81F188C2B008738B3 /* XMPageView.swift in Sources */,
				6D2077E01EF367240008C1D9 /* DetailsViewController.swift in Sources */,
				6D56A0FA1E13A17D001CF395 /* XMFindToolBar.swift in Sources */,
				6D56A1091E13CC9E001CF395 /* UIButton+Extension.swift in Sources */,
				6D5D68141E14AF56000D497B /* UIImage+Extension.swift in Sources */,
				6D56A0E41E13A17D001CF395 /* BroadcastViewController.swift in Sources */,
				6DBFF4B91DF7EAAF006E63CE /* UIView+Extension.swift in Sources */,
				6D56A0E51E13A17D001CF395 /* Categories.swift in Sources */,
				6D7F37891E0395DE00FD4CCE /* XMCycleItem.swift in Sources */,
				6D56A0E81E13A17D001CF395 /* HotAndGuess.swift in Sources */,
				6D56A0F41E13A17D001CF395 /* ListSectionView.swift in Sources */,
				6DBFF4A41DF7A916006E63CE /* ViewController.swift in Sources */,
				6D56A0F51E13A17D001CF395 /* XMListCell.swift in Sources */,
				6D56A0A61E13A00C001CF395 /* SubscribeAPI.swift in Sources */,
				6DBE1BFE1F173FAC00C5F057 /* ClassifyDetailViewController.swift in Sources */,
				6D5D680E1E14A003000D497B /* MineViewController.swift in Sources */,
				6D56A0F31E13A17D001CF395 /* ListHeaderView.swift in Sources */,
				6D56A0FB1E13A17D001CF395 /* XMFindToolBarCell.swift in Sources */,
				6DF76BB61E01162200A7DCA7 /* XMNetwrorkTool.swift in Sources */,
				6D56A1051E13BA19001CF395 /* FindCell.swift in Sources */,
				6DBE1C011F17402E00C5F057 /* ClassifyTool.swift in Sources */,
				6D5D68101E14A11C000D497B /* MineCell.swift in Sources */,
				6D56A0ED1E13A17D001CF395 /* RecommendHeaderView.swift in Sources */,
				6DBFF4B21DF7E87F006E63CE /* XMBaseNavigationController.swift in Sources */,
				6DBFF4A81DF7B281006E63CE /* XMTabBarController.swift in Sources */,
				6D56A0E61E13A17D001CF395 /* ClassifyViewController.swift in Sources */,
				6D5F287D1E16305900A18E89 /* LoginViewController.swift in Sources */,
				6D56A0E01E13A17D001CF395 /* AnchorRecommend.swift in Sources */,
				6DBFF4AF1DF7E813006E63CE /* XMPlayViewController.swift in Sources */,
				6D9AD4F31E07845A00C9D824 /* UIImageView+Extension.swift in Sources */,
				6D5D68161E14FECB000D497B /* MineHeaderView.swift in Sources */,
				6DBFF4C51DF7F13D006E63CE /* DownloadViewController.swift in Sources */,
				6DC6226D1E01393C00B1519B /* XMResponseModel.swift in Sources */,
				6D56A0FD1E13A195001CF395 /* HomePageViewController.swift in Sources */,
				6D56A0EF1E13A17D001CF395 /* RecommentItem.swift in Sources */,
				6D5F287F1E1647BD00A18E89 /* LogonViewController.swift in Sources */,
				6DBFF4A31DF7A916006E63CE /* AppDelegate.swift in Sources */,
				6D56A1011E13B4DC001CF395 /* HomePageApi.swift in Sources */,
				6DBFF4CE1DF7F68E006E63CE /* FindViewController.swift in Sources */,
				6D56A0F21E13A17D001CF395 /* ListViewController.swift in Sources */,
				6DBE1BFC1F1719B000C5F057 /* ClassifyItem.swift in Sources */,
				6D56A0E31E13A17D001CF395 /* AnchorItem.swift in Sources */,
			);
			runOnlyForDeploymentPostprocessing = 0;
		};
		6DBFF4781DF7A782006E63CE /* Sources */ = {
			isa = PBXSourcesBuildPhase;
			buildActionMask = 2147483647;
			files = (
				6DBFF4811DF7A782006E63CE /* XMXMLYFMTests.swift in Sources */,
			);
			runOnlyForDeploymentPostprocessing = 0;
		};
		6DBFF4831DF7A782006E63CE /* Sources */ = {
			isa = PBXSourcesBuildPhase;
			buildActionMask = 2147483647;
			files = (
				6DBFF48C1DF7A782006E63CE /* XMXMLYFMUITests.swift in Sources */,
			);
			runOnlyForDeploymentPostprocessing = 0;
		};
/* End PBXSourcesBuildPhase section */

/* Begin PBXTargetDependency section */
		6DBFF47E1DF7A782006E63CE /* PBXTargetDependency */ = {
			isa = PBXTargetDependency;
			target = 6DBFF4671DF7A782006E63CE /* XMXMLYFM */;
			targetProxy = 6DBFF47D1DF7A782006E63CE /* PBXContainerItemProxy */;
		};
		6DBFF4891DF7A782006E63CE /* PBXTargetDependency */ = {
			isa = PBXTargetDependency;
			target = 6DBFF4671DF7A782006E63CE /* XMXMLYFM */;
			targetProxy = 6DBFF4881DF7A782006E63CE /* PBXContainerItemProxy */;
		};
/* End PBXTargetDependency section */

/* Begin PBXVariantGroup section */
		6DBFF46F1DF7A782006E63CE /* Main.storyboard */ = {
			isa = PBXVariantGroup;
			children = (
				6DBFF4701DF7A782006E63CE /* Base */,
			);
			name = Main.storyboard;
			path = ../..;
			sourceTree = "<group>";
		};
		6DBFF4741DF7A782006E63CE /* LaunchScreen.storyboard */ = {
			isa = PBXVariantGroup;
			children = (
				6DBFF4751DF7A782006E63CE /* Base */,
			);
			name = LaunchScreen.storyboard;
			path = ../..;
			sourceTree = "<group>";
		};
/* End PBXVariantGroup section */

/* Begin XCBuildConfiguration section */
		6DBFF48E1DF7A782006E63CE /* Debug */ = {
			isa = XCBuildConfiguration;
			buildSettings = {
				ALWAYS_SEARCH_USER_PATHS = NO;
				CLANG_ANALYZER_NONNULL = YES;
				CLANG_CXX_LANGUAGE_STANDARD = "gnu++0x";
				CLANG_CXX_LIBRARY = "libc++";
				CLANG_ENABLE_MODULES = YES;
				CLANG_ENABLE_OBJC_ARC = YES;
				CLANG_WARN_BOOL_CONVERSION = YES;
				CLANG_WARN_CONSTANT_CONVERSION = YES;
				CLANG_WARN_DIRECT_OBJC_ISA_USAGE = YES_ERROR;
				CLANG_WARN_DOCUMENTATION_COMMENTS = YES;
				CLANG_WARN_EMPTY_BODY = YES;
				CLANG_WARN_ENUM_CONVERSION = YES;
				CLANG_WARN_INFINITE_RECURSION = YES;
				CLANG_WARN_INT_CONVERSION = YES;
				CLANG_WARN_OBJC_ROOT_CLASS = YES_ERROR;
				CLANG_WARN_SUSPICIOUS_MOVES = YES;
				CLANG_WARN_UNREACHABLE_CODE = YES;
				CLANG_WARN__DUPLICATE_METHOD_MATCH = YES;
				"CODE_SIGN_IDENTITY[sdk=iphoneos*]" = "iPhone Developer";
				COPY_PHASE_STRIP = NO;
				DEBUG_INFORMATION_FORMAT = dwarf;
				ENABLE_STRICT_OBJC_MSGSEND = YES;
				ENABLE_TESTABILITY = YES;
				GCC_C_LANGUAGE_STANDARD = gnu99;
				GCC_DYNAMIC_NO_PIC = NO;
				GCC_NO_COMMON_BLOCKS = YES;
				GCC_OPTIMIZATION_LEVEL = 0;
				GCC_PREPROCESSOR_DEFINITIONS = (
					"DEBUG=1",
					"$(inherited)",
				);
				GCC_WARN_64_TO_32_BIT_CONVERSION = YES;
				GCC_WARN_ABOUT_RETURN_TYPE = YES_ERROR;
				GCC_WARN_UNDECLARED_SELECTOR = YES;
				GCC_WARN_UNINITIALIZED_AUTOS = YES_AGGRESSIVE;
				GCC_WARN_UNUSED_FUNCTION = YES;
				GCC_WARN_UNUSED_VARIABLE = YES;
				IPHONEOS_DEPLOYMENT_TARGET = 8.0;
				MTL_ENABLE_DEBUG_INFO = YES;
				ONLY_ACTIVE_ARCH = YES;
				SDKROOT = iphoneos;
				SWIFT_ACTIVE_COMPILATION_CONDITIONS = DEBUG;
				SWIFT_OPTIMIZATION_LEVEL = "-Onone";
				TARGETED_DEVICE_FAMILY = "1,2";
			};
			name = Debug;
		};
		6DBFF48F1DF7A782006E63CE /* Release */ = {
			isa = XCBuildConfiguration;
			buildSettings = {
				ALWAYS_SEARCH_USER_PATHS = NO;
				CLANG_ANALYZER_NONNULL = YES;
				CLANG_CXX_LANGUAGE_STANDARD = "gnu++0x";
				CLANG_CXX_LIBRARY = "libc++";
				CLANG_ENABLE_MODULES = YES;
				CLANG_ENABLE_OBJC_ARC = YES;
				CLANG_WARN_BOOL_CONVERSION = YES;
				CLANG_WARN_CONSTANT_CONVERSION = YES;
				CLANG_WARN_DIRECT_OBJC_ISA_USAGE = YES_ERROR;
				CLANG_WARN_DOCUMENTATION_COMMENTS = YES;
				CLANG_WARN_EMPTY_BODY = YES;
				CLANG_WARN_ENUM_CONVERSION = YES;
				CLANG_WARN_INFINITE_RECURSION = YES;
				CLANG_WARN_INT_CONVERSION = YES;
				CLANG_WARN_OBJC_ROOT_CLASS = YES_ERROR;
				CLANG_WARN_SUSPICIOUS_MOVES = YES;
				CLANG_WARN_UNREACHABLE_CODE = YES;
				CLANG_WARN__DUPLICATE_METHOD_MATCH = YES;
				"CODE_SIGN_IDENTITY[sdk=iphoneos*]" = "iPhone Developer";
				COPY_PHASE_STRIP = NO;
				DEBUG_INFORMATION_FORMAT = "dwarf-with-dsym";
				ENABLE_NS_ASSERTIONS = NO;
				ENABLE_STRICT_OBJC_MSGSEND = YES;
				GCC_C_LANGUAGE_STANDARD = gnu99;
				GCC_NO_COMMON_BLOCKS = YES;
				GCC_OPTIMIZATION_LEVEL = 0;
				GCC_WARN_64_TO_32_BIT_CONVERSION = YES;
				GCC_WARN_ABOUT_RETURN_TYPE = YES_ERROR;
				GCC_WARN_UNDECLARED_SELECTOR = YES;
				GCC_WARN_UNINITIALIZED_AUTOS = YES_AGGRESSIVE;
				GCC_WARN_UNUSED_FUNCTION = YES;
				GCC_WARN_UNUSED_VARIABLE = YES;
				IPHONEOS_DEPLOYMENT_TARGET = 8.0;
				MTL_ENABLE_DEBUG_INFO = NO;
				SDKROOT = iphoneos;
				SWIFT_OPTIMIZATION_LEVEL = "-Onone";
				TARGETED_DEVICE_FAMILY = "1,2";
				VALIDATE_PRODUCT = YES;
			};
			name = Release;
		};
		6DBFF4911DF7A782006E63CE /* Debug */ = {
			isa = XCBuildConfiguration;
			baseConfigurationReference = 9371E54385813F10AA6E6CF4 /* Pods-XMXMLYFM.debug.xcconfig */;
			buildSettings = {
				ASSETCATALOG_COMPILER_APPICON_NAME = AppIcon;
				ASSETCATALOG_COMPILER_LAUNCHIMAGE_NAME = LaunchImage;
				CLANG_ENABLE_MODULES = YES;
				DEVELOPMENT_TEAM = 79NPB5RAK5;
				GCC_OPTIMIZATION_LEVEL = 0;
				INFOPLIST_FILE = XMXMLYFM/Info.plist;
				IPHONEOS_DEPLOYMENT_TARGET = 8.0;
				LD_RUNPATH_SEARCH_PATHS = "$(inherited) @executable_path/Frameworks";
				PRODUCT_BUNDLE_IDENTIFIER = Jay.XMXMLYFM;
				PRODUCT_NAME = "$(TARGET_NAME)";
				SWIFT_OBJC_BRIDGING_HEADER = "XMXMLYFM/Classes/Tools(工具)/Category/XMXMLYFM-Bridging-Header.h";
				SWIFT_OPTIMIZATION_LEVEL = "-Onone";
				SWIFT_VERSION = 3.0;
			};
			name = Debug;
		};
		6DBFF4921DF7A782006E63CE /* Release */ = {
			isa = XCBuildConfiguration;
			baseConfigurationReference = 8867923A0B53BE6387288479 /* Pods-XMXMLYFM.release.xcconfig */;
			buildSettings = {
				ASSETCATALOG_COMPILER_APPICON_NAME = AppIcon;
				ASSETCATALOG_COMPILER_LAUNCHIMAGE_NAME = LaunchImage;
				CLANG_ENABLE_MODULES = YES;
				DEVELOPMENT_TEAM = 79NPB5RAK5;
				GCC_OPTIMIZATION_LEVEL = 0;
				INFOPLIST_FILE = XMXMLYFM/Info.plist;
				IPHONEOS_DEPLOYMENT_TARGET = 8.0;
				LD_RUNPATH_SEARCH_PATHS = "$(inherited) @executable_path/Frameworks";
				PRODUCT_BUNDLE_IDENTIFIER = Jay.XMXMLYFM;
				PRODUCT_NAME = "$(TARGET_NAME)";
				SWIFT_OBJC_BRIDGING_HEADER = "XMXMLYFM/Classes/Tools(工具)/Category/XMXMLYFM-Bridging-Header.h";
				SWIFT_OPTIMIZATION_LEVEL = "-Onone";
				SWIFT_VERSION = 3.0;
			};
			name = Release;
		};
		6DBFF4941DF7A782006E63CE /* Debug */ = {
			isa = XCBuildConfiguration;
			buildSettings = {
				ALWAYS_EMBED_SWIFT_STANDARD_LIBRARIES = YES;
				BUNDLE_LOADER = "$(TEST_HOST)";
				INFOPLIST_FILE = XMXMLYFMTests/Info.plist;
				LD_RUNPATH_SEARCH_PATHS = "$(inherited) @executable_path/Frameworks @loader_path/Frameworks";
				PRODUCT_BUNDLE_IDENTIFIER = Jay.XMXMLYFMTests;
				PRODUCT_NAME = "$(TARGET_NAME)";
				SWIFT_VERSION = 3.0;
				TEST_HOST = "$(BUILT_PRODUCTS_DIR)/XMXMLYFM.app/XMXMLYFM";
			};
			name = Debug;
		};
		6DBFF4951DF7A782006E63CE /* Release */ = {
			isa = XCBuildConfiguration;
			buildSettings = {
				ALWAYS_EMBED_SWIFT_STANDARD_LIBRARIES = YES;
				BUNDLE_LOADER = "$(TEST_HOST)";
				INFOPLIST_FILE = XMXMLYFMTests/Info.plist;
				LD_RUNPATH_SEARCH_PATHS = "$(inherited) @executable_path/Frameworks @loader_path/Frameworks";
				PRODUCT_BUNDLE_IDENTIFIER = Jay.XMXMLYFMTests;
				PRODUCT_NAME = "$(TARGET_NAME)";
				SWIFT_VERSION = 3.0;
				TEST_HOST = "$(BUILT_PRODUCTS_DIR)/XMXMLYFM.app/XMXMLYFM";
			};
			name = Release;
		};
		6DBFF4971DF7A782006E63CE /* Debug */ = {
			isa = XCBuildConfiguration;
			buildSettings = {
				ALWAYS_EMBED_SWIFT_STANDARD_LIBRARIES = YES;
				INFOPLIST_FILE = XMXMLYFMUITests/Info.plist;
				LD_RUNPATH_SEARCH_PATHS = "$(inherited) @executable_path/Frameworks @loader_path/Frameworks";
				PRODUCT_BUNDLE_IDENTIFIER = Jay.XMXMLYFMUITests;
				PRODUCT_NAME = "$(TARGET_NAME)";
				SWIFT_VERSION = 3.0;
				TEST_TARGET_NAME = XMXMLYFM;
			};
			name = Debug;
		};
		6DBFF4981DF7A782006E63CE /* Release */ = {
			isa = XCBuildConfiguration;
			buildSettings = {
				ALWAYS_EMBED_SWIFT_STANDARD_LIBRARIES = YES;
				INFOPLIST_FILE = XMXMLYFMUITests/Info.plist;
				LD_RUNPATH_SEARCH_PATHS = "$(inherited) @executable_path/Frameworks @loader_path/Frameworks";
				PRODUCT_BUNDLE_IDENTIFIER = Jay.XMXMLYFMUITests;
				PRODUCT_NAME = "$(TARGET_NAME)";
				SWIFT_VERSION = 3.0;
				TEST_TARGET_NAME = XMXMLYFM;
			};
			name = Release;
		};
/* End XCBuildConfiguration section */

/* Begin XCConfigurationList section */
		6DBFF4631DF7A782006E63CE /* Build configuration list for PBXProject "XMXMLYFM" */ = {
			isa = XCConfigurationList;
			buildConfigurations = (
				6DBFF48E1DF7A782006E63CE /* Debug */,
				6DBFF48F1DF7A782006E63CE /* Release */,
			);
			defaultConfigurationIsVisible = 0;
			defaultConfigurationName = Release;
		};
		6DBFF4901DF7A782006E63CE /* Build configuration list for PBXNativeTarget "XMXMLYFM" */ = {
			isa = XCConfigurationList;
			buildConfigurations = (
				6DBFF4911DF7A782006E63CE /* Debug */,
				6DBFF4921DF7A782006E63CE /* Release */,
			);
			defaultConfigurationIsVisible = 0;
			defaultConfigurationName = Release;
		};
		6DBFF4931DF7A782006E63CE /* Build configuration list for PBXNativeTarget "XMXMLYFMTests" */ = {
			isa = XCConfigurationList;
			buildConfigurations = (
				6DBFF4941DF7A782006E63CE /* Debug */,
				6DBFF4951DF7A782006E63CE /* Release */,
			);
			defaultConfigurationIsVisible = 0;
			defaultConfigurationName = Release;
		};
		6DBFF4961DF7A782006E63CE /* Build configuration list for PBXNativeTarget "XMXMLYFMUITests" */ = {
			isa = XCConfigurationList;
			buildConfigurations = (
				6DBFF4971DF7A782006E63CE /* Debug */,
				6DBFF4981DF7A782006E63CE /* Release */,
			);
			defaultConfigurationIsVisible = 0;
			defaultConfigurationName = Release;
		};
/* End XCConfigurationList section */
	};
	rootObject = 6DBFF4601DF7A782006E63CE /* Project object */;
}
